
Microsoft Visual Studio Solution File, Format Version 12.00
Project("{FAE04EC0-301F-11D3-BF4B-00C04F79EFBC}") = "PierogiesBot", "PierogiesBot\PierogiesBot.csproj", "{0C48ADAD-6AE1-493E-BCD3-245ECD28F678}"
EndProject
Project("{2150E333-8FDC-42A3-9474-1A3956D46DE8}") = "Modules", "Modules", "{2C7F6051-95A5-46F3-8DC6-193F75546934}"
EndProject
Project("{FAE04EC0-301F-11D3-BF4B-00C04F79EFBC}") = "PierogiesBot.Data", "Modules\PierogiesBot.Data\PierogiesBot.Data.csproj", "{78C31E70-F439-48E8-B69B-A26E94BD168A}"
EndProject
Project("{FAE04EC0-301F-11D3-BF4B-00C04F79EFBC}") = "PierogiesBot.Commons", "Modules\PierogiesBot.Commons\PierogiesBot.Commons.csproj", "{35F53C98-ED9A-40C9-AE88-C96255A8571C}"
EndProject
Project("{FAE04EC0-301F-11D3-BF4B-00C04F79EFBC}") = "PierogiesBot.Discord", "Modules\PierogiesBot.Discord\PierogiesBot.Discord.csproj", "{649C4E26-F55D-4296-A26E-F12775FC92A2}"
EndProject
Project("{FAE04EC0-301F-11D3-BF4B-00C04F79EFBC}") = "PierogiesBot.Manager", "PierogiesBot.Manager\PierogiesBot.Manager.csproj", "{0C8C1CDF-A5C6-4FEF-B9DD-F23F9583C18A}"
EndProject
Global
	GlobalSection(SolutionConfigurationPlatforms) = preSolution
		Debug|Any CPU = Debug|Any CPU
		Release|Any CPU = Release|Any CPU
		Manager Debug|Any CPU = Manager Debug|Any CPU
		Manager Release|Any CPU = Manager Release|Any CPU
		Bot Debug|Any CPU = Bot Debug|Any CPU
		Bot Release|Any CPU = Bot Release|Any CPU
	EndGlobalSection
	GlobalSection(ProjectConfigurationPlatforms) = postSolution
		{0C48ADAD-6AE1-493E-BCD3-245ECD28F678}.Debug|Any CPU.ActiveCfg = Debug|Any CPU
		{0C48ADAD-6AE1-493E-BCD3-245ECD28F678}.Debug|Any CPU.Build.0 = Debug|Any CPU
		{0C48ADAD-6AE1-493E-BCD3-245ECD28F678}.Release|Any CPU.ActiveCfg = Release|Any CPU
		{0C48ADAD-6AE1-493E-BCD3-245ECD28F678}.Release|Any CPU.Build.0 = Release|Any CPU
		{0C48ADAD-6AE1-493E-BCD3-245ECD28F678}.Manager Debug|Any CPU.ActiveCfg = Manager Debug|Any CPU
		{0C48ADAD-6AE1-493E-BCD3-245ECD28F678}.Manager Release|Any CPU.ActiveCfg = Manager Release|Any CPU
		{0C48ADAD-6AE1-493E-BCD3-245ECD28F678}.Bot Debug|Any CPU.ActiveCfg = Bot Debug|Any CPU
		{0C48ADAD-6AE1-493E-BCD3-245ECD28F678}.Bot Debug|Any CPU.Build.0 = Bot Debug|Any CPU
		{0C48ADAD-6AE1-493E-BCD3-245ECD28F678}.Bot Release|Any CPU.ActiveCfg = Bot Release|Any CPU
		{0C48ADAD-6AE1-493E-BCD3-245ECD28F678}.Bot Release|Any CPU.Build.0 = Bot Release|Any CPU
		{78C31E70-F439-48E8-B69B-A26E94BD168A}.Debug|Any CPU.ActiveCfg = Debug|Any CPU
		{78C31E70-F439-48E8-B69B-A26E94BD168A}.Debug|Any CPU.Build.0 = Debug|Any CPU
		{78C31E70-F439-48E8-B69B-A26E94BD168A}.Release|Any CPU.ActiveCfg = Release|Any CPU
		{78C31E70-F439-48E8-B69B-A26E94BD168A}.Release|Any CPU.Build.0 = Release|Any CPU
		{78C31E70-F439-48E8-B69B-A26E94BD168A}.Manager Debug|Any CPU.ActiveCfg = Manager Debug|Any CPU
		{78C31E70-F439-48E8-B69B-A26E94BD168A}.Manager Release|Any CPU.ActiveCfg = Manager Release|Any CPU
		{78C31E70-F439-48E8-B69B-A26E94BD168A}.Bot Debug|Any CPU.ActiveCfg = Bot Debug|Any CPU
		{78C31E70-F439-48E8-B69B-A26E94BD168A}.Bot Debug|Any CPU.Build.0 = Bot Debug|Any CPU
		{78C31E70-F439-48E8-B69B-A26E94BD168A}.Bot Release|Any CPU.ActiveCfg = Bot Release|Any CPU
		{78C31E70-F439-48E8-B69B-A26E94BD168A}.Bot Release|Any CPU.Build.0 = Bot Release|Any CPU
		{35F53C98-ED9A-40C9-AE88-C96255A8571C}.Debug|Any CPU.ActiveCfg = Debug|Any CPU
		{35F53C98-ED9A-40C9-AE88-C96255A8571C}.Debug|Any CPU.Build.0 = Debug|Any CPU
		{35F53C98-ED9A-40C9-AE88-C96255A8571C}.Release|Any CPU.ActiveCfg = Release|Any CPU
		{35F53C98-ED9A-40C9-AE88-C96255A8571C}.Release|Any CPU.Build.0 = Release|Any CPU
		{35F53C98-ED9A-40C9-AE88-C96255A8571C}.Manager Debug|Any CPU.ActiveCfg = Manager Debug|Any CPU
		{35F53C98-ED9A-40C9-AE88-C96255A8571C}.Manager Debug|Any CPU.Build.0 = Manager Debug|Any CPU
		{35F53C98-ED9A-40C9-AE88-C96255A8571C}.Manager Release|Any CPU.ActiveCfg = Manager Release|Any CPU
		{35F53C98-ED9A-40C9-AE88-C96255A8571C}.Manager Release|Any CPU.Build.0 = Manager Release|Any CPU
		{35F53C98-ED9A-40C9-AE88-C96255A8571C}.Bot Debug|Any CPU.ActiveCfg = Bot Debug|Any CPU
		{35F53C98-ED9A-40C9-AE88-C96255A8571C}.Bot Debug|Any CPU.Build.0 = Bot Debug|Any CPU
		{35F53C98-ED9A-40C9-AE88-C96255A8571C}.Bot Release|Any CPU.ActiveCfg = Bot Release|Any CPU
		{35F53C98-ED9A-40C9-AE88-C96255A8571C}.Bot Release|Any CPU.Build.0 = Bot Release|Any CPU
		{649C4E26-F55D-4296-A26E-F12775FC92A2}.Debug|Any CPU.ActiveCfg = Debug|Any CPU
		{649C4E26-F55D-4296-A26E-F12775FC92A2}.Debug|Any CPU.Build.0 = Debug|Any CPU
		{649C4E26-F55D-4296-A26E-F12775FC92A2}.Release|Any CPU.ActiveCfg = Release|Any CPU
		{649C4E26-F55D-4296-A26E-F12775FC92A2}.Release|Any CPU.Build.0 = Release|Any CPU
		{649C4E26-F55D-4296-A26E-F12775FC92A2}.Manager Debug|Any CPU.ActiveCfg = Manager Debug|Any CPU
		{649C4E26-F55D-4296-A26E-F12775FC92A2}.Manager Release|Any CPU.ActiveCfg = Manager Release|Any CPU
		{649C4E26-F55D-4296-A26E-F12775FC92A2}.Bot Debug|Any CPU.ActiveCfg = Bot Debug|Any CPU
		{649C4E26-F55D-4296-A26E-F12775FC92A2}.Bot Debug|Any CPU.Build.0 = Bot Debug|Any CPU
		{649C4E26-F55D-4296-A26E-F12775FC92A2}.Bot Release|Any CPU.ActiveCfg = Bot Release|Any CPU
		{649C4E26-F55D-4296-A26E-F12775FC92A2}.Bot Release|Any CPU.Build.0 = Bot Release|Any CPU
		{0C8C1CDF-A5C6-4FEF-B9DD-F23F9583C18A}.Debug|Any CPU.ActiveCfg = Debug|Any CPU
		{0C8C1CDF-A5C6-4FEF-B9DD-F23F9583C18A}.Debug|Any CPU.Build.0 = Debug|Any CPU
		{0C8C1CDF-A5C6-4FEF-B9DD-F23F9583C18A}.Release|Any CPU.ActiveCfg = Release|Any CPU
		{0C8C1CDF-A5C6-4FEF-B9DD-F23F9583C18A}.Release|Any CPU.Build.0 = Release|Any CPU
		{0C8C1CDF-A5C6-4FEF-B9DD-F23F9583C18A}.Manager Debug|Any CPU.ActiveCfg = Manager Debug|Any CPU
		{0C8C1CDF-A5C6-4FEF-B9DD-F23F9583C18A}.Manager Debug|Any CPU.Build.0 = Manager Debug|Any CPU
		{0C8C1CDF-A5C6-4FEF-B9DD-F23F9583C18A}.Manager Release|Any CPU.ActiveCfg = Manager Release|Any CPU
		{0C8C1CDF-A5C6-4FEF-B9DD-F23F9583C18A}.Manager Release|Any CPU.Build.0 = Manager Release|Any CPU
		{0C8C1CDF-A5C6-4FEF-B9DD-F23F9583C18A}.Bot Debug|Any CPU.ActiveCfg = Bot Debug|Any CPU
		{0C8C1CDF-A5C6-4FEF-B9DD-F23F9583C18A}.Bot Release|Any CPU.ActiveCfg = Bot Release|Any CPU
	EndGlobalSection
	GlobalSection(NestedProjects) = preSolution
		{78C31E70-F439-48E8-B69B-A26E94BD168A} = {2C7F6051-95A5-46F3-8DC6-193F75546934}
		{35F53C98-ED9A-40C9-AE88-C96255A8571C} = {2C7F6051-95A5-46F3-8DC6-193F75546934}
		{649C4E26-F55D-4296-A26E-F12775FC92A2} = {2C7F6051-95A5-46F3-8DC6-193F75546934}
	EndGlobalSection
EndGlobal
