
Microsoft Visual Studio Solution File, Format Version 12.00
Project("{FAE04EC0-301F-11D3-BF4B-00C04F79EFBC}") = "PierogiesBot", "PierogiesBot\PierogiesBot.csproj", "{0C48ADAD-6AE1-493E-BCD3-245ECD28F678}"
EndProject
Project("{2150E333-8FDC-42A3-9474-1A3956D46DE8}") = "Modules", "Modules", "{2C7F6051-95A5-46F3-8DC6-193F75546934}"
EndProject
Project("{FAE04EC0-301F-11D3-BF4B-00C04F79EFBC}") = "PierogiesBot.Data", "Modules\PierogiesBot.Data\PierogiesBot.Data.csproj", "{78C31E70-F439-48E8-B69B-A26E94BD168A}"
EndProject
Project("{FAE04EC0-301F-11D3-BF4B-00C04F79EFBC}") = "PierogiesBot.Commons", "Modules\PierogiesBot.Commons\PierogiesBot.Commons.csproj", "{35F53C98-ED9A-40C9-AE88-C96255A8571C}"
EndProject
Project("{FAE04EC0-301F-11D3-BF4B-00C04F79EFBC}") = "PierogiesBot.Discord", "Modules\PierogiesBot.Discord\PierogiesBot.Discord.csproj", "{649C4E26-F55D-4296-A26E-F12775FC92A2}"
EndProject
Project("{FAE04EC0-301F-11D3-BF4B-00C04F79EFBC}") = "PierogiesBot.Manager", "PierogiesBot.Manager\PierogiesBot.Manager.csproj", "{0C8C1CDF-A5C6-4FEF-B9DD-F23F9583C18A}"
EndProject
Project("{2150E333-8FDC-42A3-9474-1A3956D46DE8}") = "Orleans", "Orleans", "{E19226B9-65C6-4963-AD05-980EAAC7EA64}"
EndProject
Project("{FAE04EC0-301F-11D3-BF4B-00C04F79EFBC}") = "PierogiesBot.Grains", "Modules\Orleans\PierogiesBot.Grains\PierogiesBot.Grains.csproj", "{B5B171D9-AD51-42BF-9703-F85B5761F374}"
EndProject
Project("{FAE04EC0-301F-11D3-BF4B-00C04F79EFBC}") = "PierogiesBot.Silo", "Modules\Orleans\PierogiesBot.Silo\PierogiesBot.Silo.csproj", "{A8A74A60-C272-453B-8F90-3A82A55DDCFD}"
EndProject
Project("{2150E333-8FDC-42A3-9474-1A3956D46DE8}") = "TelemetryConsumer", "TelemetryConsumer", "{948F1DEB-D2EF-40EE-AE33-9935467ECBDD}"
EndProject
Project("{FAE04EC0-301F-11D3-BF4B-00C04F79EFBC}") = "TelemetryConsumer.Common", "Modules\Orleans\TelemetryConsumer\TelemetryConsumer.Common\TelemetryConsumer.Common.csproj", "{96374AC5-78B2-4216-9FA9-76E2CD574331}"
EndProject
Project("{FAE04EC0-301F-11D3-BF4B-00C04F79EFBC}") = "TelemetryConsumer.Windows", "Modules\Orleans\TelemetryConsumer\TelemetryConsumer.Windows\TelemetryConsumer.Windows.csproj", "{B4518B03-79AA-4F97-9EF3-989F5B3D0725}"
EndProject
Project("{FAE04EC0-301F-11D3-BF4B-00C04F79EFBC}") = "TelemetryConsumer.Linux", "Modules\Orleans\TelemetryConsumer\TelemetryConsumer.Linux\TelemetryConsumer.Linux.csproj", "{3E098450-23DE-44CB-900B-618868AC90DA}"
EndProject
Project("{FAE04EC0-301F-11D3-BF4B-00C04F79EFBC}") = "TelemetryConsumer.Any", "Modules\Orleans\TelemetryConsumer\TelemetryConsumer.Any\TelemetryConsumer.Any.csproj", "{FC9576FE-0B32-4AAC-A38C-5B07D3AE61BE}"
EndProject
Project("{FAE04EC0-301F-11D3-BF4B-00C04F79EFBC}") = "PierogiesBot.GrainsInterfaces", "Modules\Orleans\PierogiesBot.GrainsInterfaces\PierogiesBot.GrainsInterfaces.csproj", "{A32541FF-EA72-48F2-9195-FDE64372B1AF}"
EndProject
Global
	GlobalSection(SolutionConfigurationPlatforms) = preSolution
		Debug|Any CPU = Debug|Any CPU
		Release|Any CPU = Release|Any CPU
		Manager Debug|Any CPU = Manager Debug|Any CPU
		Manager Release|Any CPU = Manager Release|Any CPU
		Bot Debug|Any CPU = Bot Debug|Any CPU
		Bot Release|Any CPU = Bot Release|Any CPU
	EndGlobalSection
	GlobalSection(ProjectConfigurationPlatforms) = postSolution
		{0C48ADAD-6AE1-493E-BCD3-245ECD28F678}.Debug|Any CPU.ActiveCfg = Debug|Any CPU
		{0C48ADAD-6AE1-493E-BCD3-245ECD28F678}.Debug|Any CPU.Build.0 = Debug|Any CPU
		{0C48ADAD-6AE1-493E-BCD3-245ECD28F678}.Release|Any CPU.ActiveCfg = Release|Any CPU
		{0C48ADAD-6AE1-493E-BCD3-245ECD28F678}.Release|Any CPU.Build.0 = Release|Any CPU
		{0C48ADAD-6AE1-493E-BCD3-245ECD28F678}.Manager Debug|Any CPU.ActiveCfg = Manager Debug|Any CPU
		{0C48ADAD-6AE1-493E-BCD3-245ECD28F678}.Manager Release|Any CPU.ActiveCfg = Manager Release|Any CPU
		{0C48ADAD-6AE1-493E-BCD3-245ECD28F678}.Bot Debug|Any CPU.ActiveCfg = Bot Debug|Any CPU
		{0C48ADAD-6AE1-493E-BCD3-245ECD28F678}.Bot Debug|Any CPU.Build.0 = Bot Debug|Any CPU
		{0C48ADAD-6AE1-493E-BCD3-245ECD28F678}.Bot Release|Any CPU.ActiveCfg = Bot Release|Any CPU
		{0C48ADAD-6AE1-493E-BCD3-245ECD28F678}.Bot Release|Any CPU.Build.0 = Bot Release|Any CPU
		{78C31E70-F439-48E8-B69B-A26E94BD168A}.Debug|Any CPU.ActiveCfg = Debug|Any CPU
		{78C31E70-F439-48E8-B69B-A26E94BD168A}.Debug|Any CPU.Build.0 = Debug|Any CPU
		{78C31E70-F439-48E8-B69B-A26E94BD168A}.Release|Any CPU.ActiveCfg = Release|Any CPU
		{78C31E70-F439-48E8-B69B-A26E94BD168A}.Release|Any CPU.Build.0 = Release|Any CPU
		{78C31E70-F439-48E8-B69B-A26E94BD168A}.Manager Debug|Any CPU.ActiveCfg = Manager Debug|Any CPU
		{78C31E70-F439-48E8-B69B-A26E94BD168A}.Manager Release|Any CPU.ActiveCfg = Manager Release|Any CPU
		{78C31E70-F439-48E8-B69B-A26E94BD168A}.Bot Debug|Any CPU.ActiveCfg = Bot Debug|Any CPU
		{78C31E70-F439-48E8-B69B-A26E94BD168A}.Bot Debug|Any CPU.Build.0 = Bot Debug|Any CPU
		{78C31E70-F439-48E8-B69B-A26E94BD168A}.Bot Release|Any CPU.ActiveCfg = Bot Release|Any CPU
		{78C31E70-F439-48E8-B69B-A26E94BD168A}.Bot Release|Any CPU.Build.0 = Bot Release|Any CPU
		{35F53C98-ED9A-40C9-AE88-C96255A8571C}.Debug|Any CPU.ActiveCfg = Debug|Any CPU
		{35F53C98-ED9A-40C9-AE88-C96255A8571C}.Debug|Any CPU.Build.0 = Debug|Any CPU
		{35F53C98-ED9A-40C9-AE88-C96255A8571C}.Release|Any CPU.ActiveCfg = Release|Any CPU
		{35F53C98-ED9A-40C9-AE88-C96255A8571C}.Release|Any CPU.Build.0 = Release|Any CPU
		{35F53C98-ED9A-40C9-AE88-C96255A8571C}.Manager Debug|Any CPU.ActiveCfg = Manager Debug|Any CPU
		{35F53C98-ED9A-40C9-AE88-C96255A8571C}.Manager Debug|Any CPU.Build.0 = Manager Debug|Any CPU
		{35F53C98-ED9A-40C9-AE88-C96255A8571C}.Manager Release|Any CPU.ActiveCfg = Manager Release|Any CPU
		{35F53C98-ED9A-40C9-AE88-C96255A8571C}.Manager Release|Any CPU.Build.0 = Manager Release|Any CPU
		{35F53C98-ED9A-40C9-AE88-C96255A8571C}.Bot Debug|Any CPU.ActiveCfg = Bot Debug|Any CPU
		{35F53C98-ED9A-40C9-AE88-C96255A8571C}.Bot Debug|Any CPU.Build.0 = Bot Debug|Any CPU
		{35F53C98-ED9A-40C9-AE88-C96255A8571C}.Bot Release|Any CPU.ActiveCfg = Bot Release|Any CPU
		{35F53C98-ED9A-40C9-AE88-C96255A8571C}.Bot Release|Any CPU.Build.0 = Bot Release|Any CPU
		{649C4E26-F55D-4296-A26E-F12775FC92A2}.Debug|Any CPU.ActiveCfg = Debug|Any CPU
		{649C4E26-F55D-4296-A26E-F12775FC92A2}.Debug|Any CPU.Build.0 = Debug|Any CPU
		{649C4E26-F55D-4296-A26E-F12775FC92A2}.Release|Any CPU.ActiveCfg = Release|Any CPU
		{649C4E26-F55D-4296-A26E-F12775FC92A2}.Release|Any CPU.Build.0 = Release|Any CPU
		{649C4E26-F55D-4296-A26E-F12775FC92A2}.Manager Debug|Any CPU.ActiveCfg = Manager Debug|Any CPU
		{649C4E26-F55D-4296-A26E-F12775FC92A2}.Manager Release|Any CPU.ActiveCfg = Manager Release|Any CPU
		{649C4E26-F55D-4296-A26E-F12775FC92A2}.Bot Debug|Any CPU.ActiveCfg = Bot Debug|Any CPU
		{649C4E26-F55D-4296-A26E-F12775FC92A2}.Bot Debug|Any CPU.Build.0 = Bot Debug|Any CPU
		{649C4E26-F55D-4296-A26E-F12775FC92A2}.Bot Release|Any CPU.ActiveCfg = Bot Release|Any CPU
		{649C4E26-F55D-4296-A26E-F12775FC92A2}.Bot Release|Any CPU.Build.0 = Bot Release|Any CPU
		{0C8C1CDF-A5C6-4FEF-B9DD-F23F9583C18A}.Debug|Any CPU.ActiveCfg = Debug|Any CPU
		{0C8C1CDF-A5C6-4FEF-B9DD-F23F9583C18A}.Debug|Any CPU.Build.0 = Debug|Any CPU
		{0C8C1CDF-A5C6-4FEF-B9DD-F23F9583C18A}.Release|Any CPU.ActiveCfg = Release|Any CPU
		{0C8C1CDF-A5C6-4FEF-B9DD-F23F9583C18A}.Release|Any CPU.Build.0 = Release|Any CPU
		{0C8C1CDF-A5C6-4FEF-B9DD-F23F9583C18A}.Manager Debug|Any CPU.ActiveCfg = Manager Debug|Any CPU
		{0C8C1CDF-A5C6-4FEF-B9DD-F23F9583C18A}.Manager Debug|Any CPU.Build.0 = Manager Debug|Any CPU
		{0C8C1CDF-A5C6-4FEF-B9DD-F23F9583C18A}.Manager Release|Any CPU.ActiveCfg = Manager Release|Any CPU
		{0C8C1CDF-A5C6-4FEF-B9DD-F23F9583C18A}.Manager Release|Any CPU.Build.0 = Manager Release|Any CPU
		{0C8C1CDF-A5C6-4FEF-B9DD-F23F9583C18A}.Bot Debug|Any CPU.ActiveCfg = Bot Debug|Any CPU
		{0C8C1CDF-A5C6-4FEF-B9DD-F23F9583C18A}.Bot Release|Any CPU.ActiveCfg = Bot Release|Any CPU
		{B5B171D9-AD51-42BF-9703-F85B5761F374}.Debug|Any CPU.ActiveCfg = Debug|Any CPU
		{B5B171D9-AD51-42BF-9703-F85B5761F374}.Debug|Any CPU.Build.0 = Debug|Any CPU
		{B5B171D9-AD51-42BF-9703-F85B5761F374}.Release|Any CPU.ActiveCfg = Release|Any CPU
		{B5B171D9-AD51-42BF-9703-F85B5761F374}.Release|Any CPU.Build.0 = Release|Any CPU
		{B5B171D9-AD51-42BF-9703-F85B5761F374}.Manager Debug|Any CPU.ActiveCfg = Debug|Any CPU
		{B5B171D9-AD51-42BF-9703-F85B5761F374}.Manager Debug|Any CPU.Build.0 = Debug|Any CPU
		{B5B171D9-AD51-42BF-9703-F85B5761F374}.Manager Release|Any CPU.ActiveCfg = Debug|Any CPU
		{B5B171D9-AD51-42BF-9703-F85B5761F374}.Manager Release|Any CPU.Build.0 = Debug|Any CPU
		{B5B171D9-AD51-42BF-9703-F85B5761F374}.Bot Debug|Any CPU.ActiveCfg = Debug|Any CPU
		{B5B171D9-AD51-42BF-9703-F85B5761F374}.Bot Debug|Any CPU.Build.0 = Debug|Any CPU
		{B5B171D9-AD51-42BF-9703-F85B5761F374}.Bot Release|Any CPU.ActiveCfg = Debug|Any CPU
		{B5B171D9-AD51-42BF-9703-F85B5761F374}.Bot Release|Any CPU.Build.0 = Debug|Any CPU
		{A8A74A60-C272-453B-8F90-3A82A55DDCFD}.Debug|Any CPU.ActiveCfg = Debug|Any CPU
		{A8A74A60-C272-453B-8F90-3A82A55DDCFD}.Debug|Any CPU.Build.0 = Debug|Any CPU
		{A8A74A60-C272-453B-8F90-3A82A55DDCFD}.Release|Any CPU.ActiveCfg = Release|Any CPU
		{A8A74A60-C272-453B-8F90-3A82A55DDCFD}.Release|Any CPU.Build.0 = Release|Any CPU
		{A8A74A60-C272-453B-8F90-3A82A55DDCFD}.Manager Debug|Any CPU.ActiveCfg = Debug|Any CPU
		{A8A74A60-C272-453B-8F90-3A82A55DDCFD}.Manager Debug|Any CPU.Build.0 = Debug|Any CPU
		{A8A74A60-C272-453B-8F90-3A82A55DDCFD}.Manager Release|Any CPU.ActiveCfg = Debug|Any CPU
		{A8A74A60-C272-453B-8F90-3A82A55DDCFD}.Manager Release|Any CPU.Build.0 = Debug|Any CPU
		{A8A74A60-C272-453B-8F90-3A82A55DDCFD}.Bot Debug|Any CPU.ActiveCfg = Debug|Any CPU
		{A8A74A60-C272-453B-8F90-3A82A55DDCFD}.Bot Debug|Any CPU.Build.0 = Debug|Any CPU
		{A8A74A60-C272-453B-8F90-3A82A55DDCFD}.Bot Release|Any CPU.ActiveCfg = Debug|Any CPU
		{A8A74A60-C272-453B-8F90-3A82A55DDCFD}.Bot Release|Any CPU.Build.0 = Debug|Any CPU
		{96374AC5-78B2-4216-9FA9-76E2CD574331}.Debug|Any CPU.ActiveCfg = Debug|Any CPU
		{96374AC5-78B2-4216-9FA9-76E2CD574331}.Debug|Any CPU.Build.0 = Debug|Any CPU
		{96374AC5-78B2-4216-9FA9-76E2CD574331}.Release|Any CPU.ActiveCfg = Release|Any CPU
		{96374AC5-78B2-4216-9FA9-76E2CD574331}.Release|Any CPU.Build.0 = Release|Any CPU
		{96374AC5-78B2-4216-9FA9-76E2CD574331}.Manager Debug|Any CPU.ActiveCfg = Debug|Any CPU
		{96374AC5-78B2-4216-9FA9-76E2CD574331}.Manager Debug|Any CPU.Build.0 = Debug|Any CPU
		{96374AC5-78B2-4216-9FA9-76E2CD574331}.Manager Release|Any CPU.ActiveCfg = Debug|Any CPU
		{96374AC5-78B2-4216-9FA9-76E2CD574331}.Manager Release|Any CPU.Build.0 = Debug|Any CPU
		{96374AC5-78B2-4216-9FA9-76E2CD574331}.Bot Debug|Any CPU.ActiveCfg = Debug|Any CPU
		{96374AC5-78B2-4216-9FA9-76E2CD574331}.Bot Debug|Any CPU.Build.0 = Debug|Any CPU
		{96374AC5-78B2-4216-9FA9-76E2CD574331}.Bot Release|Any CPU.ActiveCfg = Debug|Any CPU
		{96374AC5-78B2-4216-9FA9-76E2CD574331}.Bot Release|Any CPU.Build.0 = Debug|Any CPU
		{B4518B03-79AA-4F97-9EF3-989F5B3D0725}.Debug|Any CPU.ActiveCfg = Debug|Any CPU
		{B4518B03-79AA-4F97-9EF3-989F5B3D0725}.Debug|Any CPU.Build.0 = Debug|Any CPU
		{B4518B03-79AA-4F97-9EF3-989F5B3D0725}.Release|Any CPU.ActiveCfg = Release|Any CPU
		{B4518B03-79AA-4F97-9EF3-989F5B3D0725}.Release|Any CPU.Build.0 = Release|Any CPU
		{B4518B03-79AA-4F97-9EF3-989F5B3D0725}.Manager Debug|Any CPU.ActiveCfg = Debug|Any CPU
		{B4518B03-79AA-4F97-9EF3-989F5B3D0725}.Manager Debug|Any CPU.Build.0 = Debug|Any CPU
		{B4518B03-79AA-4F97-9EF3-989F5B3D0725}.Manager Release|Any CPU.ActiveCfg = Debug|Any CPU
		{B4518B03-79AA-4F97-9EF3-989F5B3D0725}.Manager Release|Any CPU.Build.0 = Debug|Any CPU
		{B4518B03-79AA-4F97-9EF3-989F5B3D0725}.Bot Debug|Any CPU.ActiveCfg = Debug|Any CPU
		{B4518B03-79AA-4F97-9EF3-989F5B3D0725}.Bot Debug|Any CPU.Build.0 = Debug|Any CPU
		{B4518B03-79AA-4F97-9EF3-989F5B3D0725}.Bot Release|Any CPU.ActiveCfg = Debug|Any CPU
		{B4518B03-79AA-4F97-9EF3-989F5B3D0725}.Bot Release|Any CPU.Build.0 = Debug|Any CPU
		{3E098450-23DE-44CB-900B-618868AC90DA}.Debug|Any CPU.ActiveCfg = Debug|Any CPU
		{3E098450-23DE-44CB-900B-618868AC90DA}.Debug|Any CPU.Build.0 = Debug|Any CPU
		{3E098450-23DE-44CB-900B-618868AC90DA}.Release|Any CPU.ActiveCfg = Release|Any CPU
		{3E098450-23DE-44CB-900B-618868AC90DA}.Release|Any CPU.Build.0 = Release|Any CPU
		{3E098450-23DE-44CB-900B-618868AC90DA}.Manager Debug|Any CPU.ActiveCfg = Debug|Any CPU
		{3E098450-23DE-44CB-900B-618868AC90DA}.Manager Debug|Any CPU.Build.0 = Debug|Any CPU
		{3E098450-23DE-44CB-900B-618868AC90DA}.Manager Release|Any CPU.ActiveCfg = Debug|Any CPU
		{3E098450-23DE-44CB-900B-618868AC90DA}.Manager Release|Any CPU.Build.0 = Debug|Any CPU
		{3E098450-23DE-44CB-900B-618868AC90DA}.Bot Debug|Any CPU.ActiveCfg = Debug|Any CPU
		{3E098450-23DE-44CB-900B-618868AC90DA}.Bot Debug|Any CPU.Build.0 = Debug|Any CPU
		{3E098450-23DE-44CB-900B-618868AC90DA}.Bot Release|Any CPU.ActiveCfg = Debug|Any CPU
		{3E098450-23DE-44CB-900B-618868AC90DA}.Bot Release|Any CPU.Build.0 = Debug|Any CPU
		{FC9576FE-0B32-4AAC-A38C-5B07D3AE61BE}.Debug|Any CPU.ActiveCfg = Debug|Any CPU
		{FC9576FE-0B32-4AAC-A38C-5B07D3AE61BE}.Debug|Any CPU.Build.0 = Debug|Any CPU
		{FC9576FE-0B32-4AAC-A38C-5B07D3AE61BE}.Release|Any CPU.ActiveCfg = Release|Any CPU
		{FC9576FE-0B32-4AAC-A38C-5B07D3AE61BE}.Release|Any CPU.Build.0 = Release|Any CPU
		{FC9576FE-0B32-4AAC-A38C-5B07D3AE61BE}.Manager Debug|Any CPU.ActiveCfg = Debug|Any CPU
		{FC9576FE-0B32-4AAC-A38C-5B07D3AE61BE}.Manager Debug|Any CPU.Build.0 = Debug|Any CPU
		{FC9576FE-0B32-4AAC-A38C-5B07D3AE61BE}.Manager Release|Any CPU.ActiveCfg = Debug|Any CPU
		{FC9576FE-0B32-4AAC-A38C-5B07D3AE61BE}.Manager Release|Any CPU.Build.0 = Debug|Any CPU
		{FC9576FE-0B32-4AAC-A38C-5B07D3AE61BE}.Bot Debug|Any CPU.ActiveCfg = Debug|Any CPU
		{FC9576FE-0B32-4AAC-A38C-5B07D3AE61BE}.Bot Debug|Any CPU.Build.0 = Debug|Any CPU
		{FC9576FE-0B32-4AAC-A38C-5B07D3AE61BE}.Bot Release|Any CPU.ActiveCfg = Debug|Any CPU
		{FC9576FE-0B32-4AAC-A38C-5B07D3AE61BE}.Bot Release|Any CPU.Build.0 = Debug|Any CPU
		{A32541FF-EA72-48F2-9195-FDE64372B1AF}.Debug|Any CPU.ActiveCfg = Debug|Any CPU
		{A32541FF-EA72-48F2-9195-FDE64372B1AF}.Debug|Any CPU.Build.0 = Debug|Any CPU
		{A32541FF-EA72-48F2-9195-FDE64372B1AF}.Release|Any CPU.ActiveCfg = Release|Any CPU
		{A32541FF-EA72-48F2-9195-FDE64372B1AF}.Release|Any CPU.Build.0 = Release|Any CPU
		{A32541FF-EA72-48F2-9195-FDE64372B1AF}.Manager Debug|Any CPU.ActiveCfg = Debug|Any CPU
		{A32541FF-EA72-48F2-9195-FDE64372B1AF}.Manager Debug|Any CPU.Build.0 = Debug|Any CPU
		{A32541FF-EA72-48F2-9195-FDE64372B1AF}.Manager Release|Any CPU.ActiveCfg = Debug|Any CPU
		{A32541FF-EA72-48F2-9195-FDE64372B1AF}.Manager Release|Any CPU.Build.0 = Debug|Any CPU
		{A32541FF-EA72-48F2-9195-FDE64372B1AF}.Bot Debug|Any CPU.ActiveCfg = Debug|Any CPU
		{A32541FF-EA72-48F2-9195-FDE64372B1AF}.Bot Debug|Any CPU.Build.0 = Debug|Any CPU
		{A32541FF-EA72-48F2-9195-FDE64372B1AF}.Bot Release|Any CPU.ActiveCfg = Debug|Any CPU
		{A32541FF-EA72-48F2-9195-FDE64372B1AF}.Bot Release|Any CPU.Build.0 = Debug|Any CPU
	EndGlobalSection
	GlobalSection(NestedProjects) = preSolution
		{78C31E70-F439-48E8-B69B-A26E94BD168A} = {2C7F6051-95A5-46F3-8DC6-193F75546934}
		{35F53C98-ED9A-40C9-AE88-C96255A8571C} = {2C7F6051-95A5-46F3-8DC6-193F75546934}
		{649C4E26-F55D-4296-A26E-F12775FC92A2} = {2C7F6051-95A5-46F3-8DC6-193F75546934}
		{E19226B9-65C6-4963-AD05-980EAAC7EA64} = {2C7F6051-95A5-46F3-8DC6-193F75546934}
		{B5B171D9-AD51-42BF-9703-F85B5761F374} = {E19226B9-65C6-4963-AD05-980EAAC7EA64}
		{A8A74A60-C272-453B-8F90-3A82A55DDCFD} = {E19226B9-65C6-4963-AD05-980EAAC7EA64}
		{948F1DEB-D2EF-40EE-AE33-9935467ECBDD} = {E19226B9-65C6-4963-AD05-980EAAC7EA64}
		{96374AC5-78B2-4216-9FA9-76E2CD574331} = {948F1DEB-D2EF-40EE-AE33-9935467ECBDD}
		{B4518B03-79AA-4F97-9EF3-989F5B3D0725} = {948F1DEB-D2EF-40EE-AE33-9935467ECBDD}
		{3E098450-23DE-44CB-900B-618868AC90DA} = {948F1DEB-D2EF-40EE-AE33-9935467ECBDD}
		{FC9576FE-0B32-4AAC-A38C-5B07D3AE61BE} = {948F1DEB-D2EF-40EE-AE33-9935467ECBDD}
		{A32541FF-EA72-48F2-9195-FDE64372B1AF} = {E19226B9-65C6-4963-AD05-980EAAC7EA64}
	EndGlobalSection
EndGlobal
